
Microsoft Visual Studio Solution File, Format Version 12.00
# Visual Studio Version 16
VisualStudioVersion = 16.0.30503.244
MinimumVisualStudioVersion = 10.0.40219.1
Project("{FAE04EC0-301F-11D3-BF4B-00C04F79EFBC}") = "OOP_Three", "OOP_Three\OOP_Three.csproj", "{28678519-8EF2-424F-9E1F-31369D06AF31}"
EndProject
Global
	GlobalSection(SolutionConfigurationPlatforms) = preSolution
		Debug|Any CPU = Debug|Any CPU
		Release|Any CPU = Release|Any CPU
	EndGlobalSection
	GlobalSection(ProjectConfigurationPlatforms) = postSolution
		{28678519-8EF2-424F-9E1F-31369D06AF31}.Debug|Any CPU.ActiveCfg = Debug|Any CPU
		{28678519-8EF2-424F-9E1F-31369D06AF31}.Debug|Any CPU.Build.0 = Debug|Any CPU
		{28678519-8EF2-424F-9E1F-31369D06AF31}.Release|Any CPU.ActiveCfg = Release|Any CPU
		{28678519-8EF2-424F-9E1F-31369D06AF31}.Release|Any CPU.Build.0 = Release|Any CPU
	EndGlobalSection
	GlobalSection(SolutionProperties) = preSolution
		HideSolutionNode = FALSE
	EndGlobalSection
	GlobalSection(ExtensibilityGlobals) = postSolution
		SolutionGuid = {37137A85-B8BA-4856-864D-9CA0E1DE66CB}
	EndGlobalSection
EndGlobal
